
Microsoft Visual Studio Solution File, Format Version 12.00
# Visual Studio Version 17
VisualStudioVersion = 17.5.002.0
MinimumVisualStudioVersion = 10.0.40219.1
Project("{9A19103F-16F7-4668-BE54-9A1E7A4F7556}") = "Program003c-obrazce-ukol", "Program003c-obrazce-ukol.csproj", "{EF9621FC-E526-4931-BB6E-6809C410CC34}"
EndProject
Global
	GlobalSection(SolutionConfigurationPlatforms) = preSolution
		Debug|Any CPU = Debug|Any CPU
		Release|Any CPU = Release|Any CPU
	EndGlobalSection
	GlobalSection(ProjectConfigurationPlatforms) = postSolution
		{EF9621FC-E526-4931-BB6E-6809C410CC34}.Debug|Any CPU.ActiveCfg = Debug|Any CPU
		{EF9621FC-E526-4931-BB6E-6809C410CC34}.Debug|Any CPU.Build.0 = Debug|Any CPU
		{EF9621FC-E526-4931-BB6E-6809C410CC34}.Release|Any CPU.ActiveCfg = Release|Any CPU
		{EF9621FC-E526-4931-BB6E-6809C410CC34}.Release|Any CPU.Build.0 = Release|Any CPU
	EndGlobalSection
	GlobalSection(SolutionProperties) = preSolution
		HideSolutionNode = FALSE
	EndGlobalSection
	GlobalSection(ExtensibilityGlobals) = postSolution
		SolutionGuid = {8A470784-E17B-474A-8DB6-857D77B44496}
	EndGlobalSection
EndGlobal
