
Microsoft Visual Studio Solution File, Format Version 12.00
# Visual Studio Version 17
VisualStudioVersion = 17.5.002.0
MinimumVisualStudioVersion = 10.0.40219.1
Project("{9A19103F-16F7-4668-BE54-9A1E7A4F7556}") = "program003 -obrazce", "program003 -obrazce.csproj", "{676E2B5D-D80B-421D-8515-3FA9A02E54B6}"
EndProject
Global
	GlobalSection(SolutionConfigurationPlatforms) = preSolution
		Debug|Any CPU = Debug|Any CPU
		Release|Any CPU = Release|Any CPU
	EndGlobalSection
	GlobalSection(ProjectConfigurationPlatforms) = postSolution
		{676E2B5D-D80B-421D-8515-3FA9A02E54B6}.Debug|Any CPU.ActiveCfg = Debug|Any CPU
		{676E2B5D-D80B-421D-8515-3FA9A02E54B6}.Debug|Any CPU.Build.0 = Debug|Any CPU
		{676E2B5D-D80B-421D-8515-3FA9A02E54B6}.Release|Any CPU.ActiveCfg = Release|Any CPU
		{676E2B5D-D80B-421D-8515-3FA9A02E54B6}.Release|Any CPU.Build.0 = Release|Any CPU
	EndGlobalSection
	GlobalSection(SolutionProperties) = preSolution
		HideSolutionNode = FALSE
	EndGlobalSection
	GlobalSection(ExtensibilityGlobals) = postSolution
		SolutionGuid = {4B82E865-FB60-4183-A8C6-30C36BB2400F}
	EndGlobalSection
EndGlobal
