
Microsoft Visual Studio Solution File, Format Version 12.00
# Visual Studio Version 17
VisualStudioVersion = 17.5.002.0
MinimumVisualStudioVersion = 10.0.40219.1
Project("{9A19103F-16F7-4668-BE54-9A1E7A4F7556}") = "program008-dalsi-sorty", "program008-dalsi-sorty.csproj", "{F31351A9-078B-447D-8D38-A3EC96226AF6}"
EndProject
Global
	GlobalSection(SolutionConfigurationPlatforms) = preSolution
		Debug|Any CPU = Debug|Any CPU
		Release|Any CPU = Release|Any CPU
	EndGlobalSection
	GlobalSection(ProjectConfigurationPlatforms) = postSolution
		{F31351A9-078B-447D-8D38-A3EC96226AF6}.Debug|Any CPU.ActiveCfg = Debug|Any CPU
		{F31351A9-078B-447D-8D38-A3EC96226AF6}.Debug|Any CPU.Build.0 = Debug|Any CPU
		{F31351A9-078B-447D-8D38-A3EC96226AF6}.Release|Any CPU.ActiveCfg = Release|Any CPU
		{F31351A9-078B-447D-8D38-A3EC96226AF6}.Release|Any CPU.Build.0 = Release|Any CPU
	EndGlobalSection
	GlobalSection(SolutionProperties) = preSolution
		HideSolutionNode = FALSE
	EndGlobalSection
	GlobalSection(ExtensibilityGlobals) = postSolution
		SolutionGuid = {936287BC-97EB-4A01-98BD-223C04D7B765}
	EndGlobalSection
EndGlobal
