
Microsoft Visual Studio Solution File, Format Version 12.00
# Visual Studio Version 17
VisualStudioVersion = 17.5.002.0
MinimumVisualStudioVersion = 10.0.40219.1
Project("{9A19103F-16F7-4668-BE54-9A1E7A4F7556}") = "program006-analyza-textu", "program006-analyza-textu.csproj", "{48FA43B7-9EF6-417B-9092-BBF7C2228E18}"
EndProject
Global
	GlobalSection(SolutionConfigurationPlatforms) = preSolution
		Debug|Any CPU = Debug|Any CPU
		Release|Any CPU = Release|Any CPU
	EndGlobalSection
	GlobalSection(ProjectConfigurationPlatforms) = postSolution
		{48FA43B7-9EF6-417B-9092-BBF7C2228E18}.Debug|Any CPU.ActiveCfg = Debug|Any CPU
		{48FA43B7-9EF6-417B-9092-BBF7C2228E18}.Debug|Any CPU.Build.0 = Debug|Any CPU
		{48FA43B7-9EF6-417B-9092-BBF7C2228E18}.Release|Any CPU.ActiveCfg = Release|Any CPU
		{48FA43B7-9EF6-417B-9092-BBF7C2228E18}.Release|Any CPU.Build.0 = Release|Any CPU
	EndGlobalSection
	GlobalSection(SolutionProperties) = preSolution
		HideSolutionNode = FALSE
	EndGlobalSection
	GlobalSection(ExtensibilityGlobals) = postSolution
		SolutionGuid = {B3B84640-746A-403F-9EB1-029D233FAA71}
	EndGlobalSection
EndGlobal
