
Microsoft Visual Studio Solution File, Format Version 12.00
# Visual Studio Version 17
VisualStudioVersion = 17.5.002.0
MinimumVisualStudioVersion = 10.0.40219.1
Project("{9A19103F-16F7-4668-BE54-9A1E7A4F7556}") = "program004 - generator", "program004 - generator.csproj", "{F20AE81A-3D46-4FEB-974B-1C1249F96E21}"
EndProject
Global
	GlobalSection(SolutionConfigurationPlatforms) = preSolution
		Debug|Any CPU = Debug|Any CPU
		Release|Any CPU = Release|Any CPU
	EndGlobalSection
	GlobalSection(ProjectConfigurationPlatforms) = postSolution
		{F20AE81A-3D46-4FEB-974B-1C1249F96E21}.Debug|Any CPU.ActiveCfg = Debug|Any CPU
		{F20AE81A-3D46-4FEB-974B-1C1249F96E21}.Debug|Any CPU.Build.0 = Debug|Any CPU
		{F20AE81A-3D46-4FEB-974B-1C1249F96E21}.Release|Any CPU.ActiveCfg = Release|Any CPU
		{F20AE81A-3D46-4FEB-974B-1C1249F96E21}.Release|Any CPU.Build.0 = Release|Any CPU
	EndGlobalSection
	GlobalSection(SolutionProperties) = preSolution
		HideSolutionNode = FALSE
	EndGlobalSection
	GlobalSection(ExtensibilityGlobals) = postSolution
		SolutionGuid = {08D79041-8F3B-4C6F-B1B5-4C440EF858BF}
	EndGlobalSection
EndGlobal
